
Microsoft Visual Studio Solution File, Format Version 12.00
# Visual Studio 2013
VisualStudioVersion = 12.0.31101.0
MinimumVisualStudioVersion = 10.0.40219.1
Project("{FAE04EC0-301F-11D3-BF4B-00C04F79EFBC}") = "ConsoleApplication", "UI\ConsoleApplication\ConsoleApplication.csproj", "{FC7315F4-7430-4410-A8A9-80E2A58B728F}"
EndProject
Project("{FAE04EC0-301F-11D3-BF4B-00C04F79EFBC}") = "Core", "Core\Core.csproj", "{69B78174-BDCC-4CC1-8623-38AAE0E3876E}"
EndProject
Project("{2150E333-8FDC-42A3-9474-1A3956D46DE8}") = "UI", "UI", "{C553F116-4CEF-4687-9B6B-0D6EF1B108E0}"
EndProject
Global
	GlobalSection(SolutionConfigurationPlatforms) = preSolution
		Debug|Any CPU = Debug|Any CPU
		Release|Any CPU = Release|Any CPU
	EndGlobalSection
	GlobalSection(ProjectConfigurationPlatforms) = postSolution
		{FC7315F4-7430-4410-A8A9-80E2A58B728F}.Debug|Any CPU.ActiveCfg = Debug|Any CPU
		{FC7315F4-7430-4410-A8A9-80E2A58B728F}.Debug|Any CPU.Build.0 = Debug|Any CPU
		{FC7315F4-7430-4410-A8A9-80E2A58B728F}.Release|Any CPU.ActiveCfg = Release|Any CPU
		{FC7315F4-7430-4410-A8A9-80E2A58B728F}.Release|Any CPU.Build.0 = Release|Any CPU
		{69B78174-BDCC-4CC1-8623-38AAE0E3876E}.Debug|Any CPU.ActiveCfg = Debug|Any CPU
		{69B78174-BDCC-4CC1-8623-38AAE0E3876E}.Debug|Any CPU.Build.0 = Debug|Any CPU
		{69B78174-BDCC-4CC1-8623-38AAE0E3876E}.Release|Any CPU.ActiveCfg = Release|Any CPU
		{69B78174-BDCC-4CC1-8623-38AAE0E3876E}.Release|Any CPU.Build.0 = Release|Any CPU
	EndGlobalSection
	GlobalSection(SolutionProperties) = preSolution
		HideSolutionNode = FALSE
	EndGlobalSection
	GlobalSection(NestedProjects) = preSolution
		{FC7315F4-7430-4410-A8A9-80E2A58B728F} = {C553F116-4CEF-4687-9B6B-0D6EF1B108E0}
	EndGlobalSection
EndGlobal
